
Microsoft Visual Studio Solution File, Format Version 12.00
# Visual Studio Version 17
VisualStudioVersion = 17.11.35431.28
MinimumVisualStudioVersion = 10.0.40219.1
Project("{FAE04EC0-301F-11D3-BF4B-00C04F79EFBC}") = "ProjectEuler", "ProjectEuler\ProjectEuler.csproj", "{BCFED102-875A-44AE-9913-55B379FB179E}"
EndProject
Project("{FAE04EC0-301F-11D3-BF4B-00C04F79EFBC}") = "ProjectEulerTests", "ProjectEulerTests\ProjectEulerTests.csproj", "{691F46EB-7671-4386-ACED-10AFB8DCE7EA}"
EndProject
Global
	GlobalSection(SolutionConfigurationPlatforms) = preSolution
		Debug|Any CPU = Debug|Any CPU
		Release|Any CPU = Release|Any CPU
	EndGlobalSection
	GlobalSection(ProjectConfigurationPlatforms) = postSolution
		{BCFED102-875A-44AE-9913-55B379FB179E}.Debug|Any CPU.ActiveCfg = Debug|Any CPU
		{BCFED102-875A-44AE-9913-55B379FB179E}.Debug|Any CPU.Build.0 = Debug|Any CPU
		{BCFED102-875A-44AE-9913-55B379FB179E}.Release|Any CPU.ActiveCfg = Release|Any CPU
		{BCFED102-875A-44AE-9913-55B379FB179E}.Release|Any CPU.Build.0 = Release|Any CPU
		{691F46EB-7671-4386-ACED-10AFB8DCE7EA}.Debug|Any CPU.ActiveCfg = Debug|Any CPU
		{691F46EB-7671-4386-ACED-10AFB8DCE7EA}.Debug|Any CPU.Build.0 = Debug|Any CPU
		{691F46EB-7671-4386-ACED-10AFB8DCE7EA}.Release|Any CPU.ActiveCfg = Release|Any CPU
		{691F46EB-7671-4386-ACED-10AFB8DCE7EA}.Release|Any CPU.Build.0 = Release|Any CPU
	EndGlobalSection
	GlobalSection(SolutionProperties) = preSolution
		HideSolutionNode = FALSE
	EndGlobalSection
	GlobalSection(ExtensibilityGlobals) = postSolution
		SolutionGuid = {91C827B8-B15D-42EA-8098-B25E49AE13FD}
	EndGlobalSection
EndGlobal
